
Microsoft Visual Studio Solution File, Format Version 12.00
# Visual Studio Version 17
VisualStudioVersion = 17.5.33414.496
MinimumVisualStudioVersion = 10.0.40219.1
Project("{8BC9CEB8-8B4A-11D0-8D11-00A0C91BC942}") = "Exam 1", "Exam 1.vcxproj", "{545D12E0-A798-453C-9A0C-7FA2E66DFDE5}"
EndProject
Global
	GlobalSection(SolutionConfigurationPlatforms) = preSolution
		Debug|x64 = Debug|x64
		Debug|x86 = Debug|x86
		Release|x64 = Release|x64
		Release|x86 = Release|x86
	EndGlobalSection
	GlobalSection(ProjectConfigurationPlatforms) = postSolution
		{545D12E0-A798-453C-9A0C-7FA2E66DFDE5}.Debug|x64.ActiveCfg = Debug|x64
		{545D12E0-A798-453C-9A0C-7FA2E66DFDE5}.Debug|x64.Build.0 = Debug|x64
		{545D12E0-A798-453C-9A0C-7FA2E66DFDE5}.Debug|x86.ActiveCfg = Debug|Win32
		{545D12E0-A798-453C-9A0C-7FA2E66DFDE5}.Debug|x86.Build.0 = Debug|Win32
		{545D12E0-A798-453C-9A0C-7FA2E66DFDE5}.Release|x64.ActiveCfg = Release|x64
		{545D12E0-A798-453C-9A0C-7FA2E66DFDE5}.Release|x64.Build.0 = Release|x64
		{545D12E0-A798-453C-9A0C-7FA2E66DFDE5}.Release|x86.ActiveCfg = Release|Win32
		{545D12E0-A798-453C-9A0C-7FA2E66DFDE5}.Release|x86.Build.0 = Release|Win32
	EndGlobalSection
	GlobalSection(SolutionProperties) = preSolution
		HideSolutionNode = FALSE
	EndGlobalSection
	GlobalSection(ExtensibilityGlobals) = postSolution
		SolutionGuid = {3BC95F3E-ACF2-42E0-BB0B-EB0120BD0782}
	EndGlobalSection
EndGlobal
